
Microsoft Visual Studio Solution File, Format Version 12.00
# Visual Studio Version 17
VisualStudioVersion = 17.9.34728.123
MinimumVisualStudioVersion = 10.0.40219.1
Project("{FAE04EC0-301F-11D3-BF4B-00C04F79EFBC}") = "webApiChatGPT", "webApiChatGPT.csproj", "{46677027-20AA-4B50-AA5A-48323F5E38B1}"
EndProject
Global
	GlobalSection(SolutionConfigurationPlatforms) = preSolution
		Debug|Any CPU = Debug|Any CPU
		Release|Any CPU = Release|Any CPU
	EndGlobalSection
	GlobalSection(ProjectConfigurationPlatforms) = postSolution
		{46677027-20AA-4B50-AA5A-48323F5E38B1}.Debug|Any CPU.ActiveCfg = Debug|Any CPU
		{46677027-20AA-4B50-AA5A-48323F5E38B1}.Debug|Any CPU.Build.0 = Debug|Any CPU
		{46677027-20AA-4B50-AA5A-48323F5E38B1}.Release|Any CPU.ActiveCfg = Release|Any CPU
		{46677027-20AA-4B50-AA5A-48323F5E38B1}.Release|Any CPU.Build.0 = Release|Any CPU
	EndGlobalSection
	GlobalSection(SolutionProperties) = preSolution
		HideSolutionNode = FALSE
	EndGlobalSection
	GlobalSection(ExtensibilityGlobals) = postSolution
		SolutionGuid = {AFD7A446-C689-4CC5-95DA-B2B8616E9EE9}
	EndGlobalSection
EndGlobal
